{
  "requires": true,
  "lockfileVersion": 1,
  "dependencies": {
    "hexo-wordcount": {
      "version": "6.0.1",
      "resolved": "https://registry.npmjs.org/hexo-wordcount/-/hexo-wordcount-6.0.1.tgz",
      "integrity": "sha512-tbo2P9xRWEKQmRf7+XuPjx9It1MnaE26nA+EEb2DN39gK1x+26W7Nm4Iyp4AugQjBWYYDx7OLn4gp1WFxQpQew=="
    }
  }
}
